
Microsoft Visual Studio Solution File, Format Version 12.00
# Visual Studio Version 17
VisualStudioVersion = 17.9.34728.123
MinimumVisualStudioVersion = 10.0.40219.1
Project("{FAE04EC0-301F-11D3-BF4B-00C04F79EFBC}") = "BT_Report", "BT_Report\BT_Report.csproj", "{ECFF5488-A55E-405E-90ED-3611202DBACF}"
EndProject
Global
	GlobalSection(SolutionConfigurationPlatforms) = preSolution
		Debug|Any CPU = Debug|Any CPU
		Release|Any CPU = Release|Any CPU
	EndGlobalSection
	GlobalSection(ProjectConfigurationPlatforms) = postSolution
		{ECFF5488-A55E-405E-90ED-3611202DBACF}.Debug|Any CPU.ActiveCfg = Debug|Any CPU
		{ECFF5488-A55E-405E-90ED-3611202DBACF}.Debug|Any CPU.Build.0 = Debug|Any CPU
		{ECFF5488-A55E-405E-90ED-3611202DBACF}.Release|Any CPU.ActiveCfg = Release|Any CPU
		{ECFF5488-A55E-405E-90ED-3611202DBACF}.Release|Any CPU.Build.0 = Release|Any CPU
	EndGlobalSection
	GlobalSection(SolutionProperties) = preSolution
		HideSolutionNode = FALSE
	EndGlobalSection
	GlobalSection(ExtensibilityGlobals) = postSolution
		SolutionGuid = {F3B2270E-CDCD-42D7-879B-E19523F6EE82}
	EndGlobalSection
EndGlobal
