
Microsoft Visual Studio Solution File, Format Version 12.00
# Visual Studio 2013
VisualStudioVersion = 12.0.40629.0
MinimumVisualStudioVersion = 10.0.40219.1
Project("{FAE04EC0-301F-11D3-BF4B-00C04F79EFBC}") = "QLBH.DataLayer", "QLBH.DataLayer\QLBH.DataLayer.csproj", "{31AD5F19-3E22-42E6-B14C-E6D8FF500106}"
EndProject
Project("{FAE04EC0-301F-11D3-BF4B-00C04F79EFBC}") = "QLBH.BusinessLayer", "QLBH.BusinessLayer\QLBH.BusinessLayer.csproj", "{ED015EEC-2BE6-4E49-B1E0-354C32D6076D}"
EndProject
Project("{FAE04EC0-301F-11D3-BF4B-00C04F79EFBC}") = "QLBH.DTO", "QLBH.DTO\QLBH.DTO.csproj", "{F7ABB1ED-B901-4391-B4DA-CD2DBA680069}"
EndProject
Project("{FAE04EC0-301F-11D3-BF4B-00C04F79EFBC}") = "QLBH WINFORM", "QLBH WINFORM\QLBH WINFORM.csproj", "{0001E433-FCDE-4C1C-AA9C-F9F5C4152B7E}"
EndProject
Global
	GlobalSection(SolutionConfigurationPlatforms) = preSolution
		Debug|Any CPU = Debug|Any CPU
		Release|Any CPU = Release|Any CPU
	EndGlobalSection
	GlobalSection(ProjectConfigurationPlatforms) = postSolution
		{31AD5F19-3E22-42E6-B14C-E6D8FF500106}.Debug|Any CPU.ActiveCfg = Debug|Any CPU
		{31AD5F19-3E22-42E6-B14C-E6D8FF500106}.Debug|Any CPU.Build.0 = Debug|Any CPU
		{31AD5F19-3E22-42E6-B14C-E6D8FF500106}.Release|Any CPU.ActiveCfg = Release|Any CPU
		{31AD5F19-3E22-42E6-B14C-E6D8FF500106}.Release|Any CPU.Build.0 = Release|Any CPU
		{ED015EEC-2BE6-4E49-B1E0-354C32D6076D}.Debug|Any CPU.ActiveCfg = Debug|Any CPU
		{ED015EEC-2BE6-4E49-B1E0-354C32D6076D}.Debug|Any CPU.Build.0 = Debug|Any CPU
		{ED015EEC-2BE6-4E49-B1E0-354C32D6076D}.Release|Any CPU.ActiveCfg = Release|Any CPU
		{ED015EEC-2BE6-4E49-B1E0-354C32D6076D}.Release|Any CPU.Build.0 = Release|Any CPU
		{F7ABB1ED-B901-4391-B4DA-CD2DBA680069}.Debug|Any CPU.ActiveCfg = Debug|Any CPU
		{F7ABB1ED-B901-4391-B4DA-CD2DBA680069}.Debug|Any CPU.Build.0 = Debug|Any CPU
		{F7ABB1ED-B901-4391-B4DA-CD2DBA680069}.Release|Any CPU.ActiveCfg = Release|Any CPU
		{F7ABB1ED-B901-4391-B4DA-CD2DBA680069}.Release|Any CPU.Build.0 = Release|Any CPU
		{0001E433-FCDE-4C1C-AA9C-F9F5C4152B7E}.Debug|Any CPU.ActiveCfg = Debug|Any CPU
		{0001E433-FCDE-4C1C-AA9C-F9F5C4152B7E}.Debug|Any CPU.Build.0 = Debug|Any CPU
		{0001E433-FCDE-4C1C-AA9C-F9F5C4152B7E}.Release|Any CPU.ActiveCfg = Release|Any CPU
		{0001E433-FCDE-4C1C-AA9C-F9F5C4152B7E}.Release|Any CPU.Build.0 = Release|Any CPU
	EndGlobalSection
	GlobalSection(SolutionProperties) = preSolution
		HideSolutionNode = FALSE
	EndGlobalSection
EndGlobal
